
Microsoft Visual Studio Solution File, Format Version 12.00
# Visual Studio Version 17
VisualStudioVersion = 17.4.33122.133
MinimumVisualStudioVersion = 10.0.40219.1
Project("{FAE04EC0-301F-11D3-BF4B-00C04F79EFBC}") = "I3-39", "I3-39.csproj", "{C4E49D07-59D8-437F-9EAA-7A188FB476E4}"
EndProject
Global
	GlobalSection(SolutionConfigurationPlatforms) = preSolution
		Debug|Any CPU = Debug|Any CPU
		Release|Any CPU = Release|Any CPU
	EndGlobalSection
	GlobalSection(ProjectConfigurationPlatforms) = postSolution
		{C4E49D07-59D8-437F-9EAA-7A188FB476E4}.Debug|Any CPU.ActiveCfg = Debug|Any CPU
		{C4E49D07-59D8-437F-9EAA-7A188FB476E4}.Debug|Any CPU.Build.0 = Debug|Any CPU
		{C4E49D07-59D8-437F-9EAA-7A188FB476E4}.Release|Any CPU.ActiveCfg = Release|Any CPU
		{C4E49D07-59D8-437F-9EAA-7A188FB476E4}.Release|Any CPU.Build.0 = Release|Any CPU
	EndGlobalSection
	GlobalSection(SolutionProperties) = preSolution
		HideSolutionNode = FALSE
	EndGlobalSection
	GlobalSection(ExtensibilityGlobals) = postSolution
		SolutionGuid = {90B5EAE2-739A-4B93-BA89-436ACF7B181E}
	EndGlobalSection
EndGlobal
